PODS:
  - Flutter (1.0.0)
  - flutter_pgyer (0.0.1):
    - Flutter
    - Pgyer
    - PgyUpdate
  - Pgyer (2.8.9)
  - PgyUpdate (1.6)

DEPENDENCIES:
  - Flutter (from `.symlinks/flutter/ios`)
  - flutter_pgyer (from `.symlinks/plugins/flutter_pgyer/ios`)
  - Pgyer
  - PgyUpdate

SPEC REPOS:
  https://github.com/cocoapods/specs.git:
    - Pgyer
    - PgyUpdate

EXTERNAL SOURCES:
  Flutter:
    :path: ".symlinks/flutter/ios"
  flutter_pgyer:
    :path: ".symlinks/plugins/flutter_pgyer/ios"

SPEC CHECKSUMS:
  Flutter: 58dd7d1b27887414a370fcccb9e645c08ffd7a6a
  flutter_pgyer: 10c26830f98199f279b8778bef93be238d874dee
  Pgyer: 830654e51e23f754cce5d8b3ea9ba72be68452eb
  PgyUpdate: cd6c2ada5928f36a9f904d8f96a9b3b53e190755

PODFILE CHECKSUM: 1d0c20f64561434de91481646d52dbff3e79dc21

COCOAPODS: 1.7.1
